
Microsoft Visual Studio Solution File, Format Version 12.00
# Visual Studio Version 17
VisualStudioVersion = 17.6.33829.357
MinimumVisualStudioVersion = 10.0.40219.1
Project("{FAE04EC0-301F-11D3-BF4B-00C04F79EFBC}") = "Warrior", "Warrior\Warrior.csproj", "{276C633B-D296-4FF3-8930-3DE17D84E975}"
EndProject
Global
	GlobalSection(SolutionConfigurationPlatforms) = preSolution
		Debug|Any CPU = Debug|Any CPU
		Release|Any CPU = Release|Any CPU
	EndGlobalSection
	GlobalSection(ProjectConfigurationPlatforms) = postSolution
		{276C633B-D296-4FF3-8930-3DE17D84E975}.Debug|Any CPU.ActiveCfg = Debug|Any CPU
		{276C633B-D296-4FF3-8930-3DE17D84E975}.Debug|Any CPU.Build.0 = Debug|Any CPU
		{276C633B-D296-4FF3-8930-3DE17D84E975}.Release|Any CPU.ActiveCfg = Release|Any CPU
		{276C633B-D296-4FF3-8930-3DE17D84E975}.Release|Any CPU.Build.0 = Release|Any CPU
	EndGlobalSection
	GlobalSection(SolutionProperties) = preSolution
		HideSolutionNode = FALSE
	EndGlobalSection
	GlobalSection(ExtensibilityGlobals) = postSolution
		SolutionGuid = {E6266696-4283-4AAA-8574-E174D2DB98DC}
	EndGlobalSection
EndGlobal
